{
  "name": "ng2-smart-table",
  "version": "1.7.2",
  "lockfileVersion": 2,
  "requires": true,
  "packages": {
    "": {
      "name": "ng2-smart-table",
      "version": "1.7.2",
      "license": "MIT",
      "dependencies": {
        "lodash": "^4.17.21",
        "tslib": "^2.0.0"
      },
      "peerDependencies": {
        "@angular/common": "^10.0.0",
        "@angular/core": "^10.0.0",
        "@angular/forms": "^10.0.0",
        "ng2-completer": "^9.0.1"
      }
    },
    "node_modules/@angular/common": {
      "version": "10.2.5",
      "resolved": "https://registry.npmjs.org/@angular/common/-/common-10.2.5.tgz",
      "integrity": "sha512-553yf6ZUHNqT4XpOqbW7EKKMfX56u/8DkwYXuSv8MAKdl4/AW6gliFOEJGYo04JcKF7Knq3VPvGSCO9kupf0hg==",
      "peer": true,
      "dependencies": {
        "tslib": "^2.0.0"
      },
      "peerDependencies": {
        "@angular/core": "10.2.5",
        "rxjs": "^6.5.3"
      }
    },
    "node_modules/@angular/core": {
      "version": "10.2.5",
      "resolved": "https://registry.npmjs.org/@angular/core/-/core-10.2.5.tgz",
      "integrity": "sha512-krhOKNTj5XE92Rk9ASX5KmgTF72j7qT2PLVxrGEVjuUKjBY2XaK3TV0Kotq9zI3qa9WgeCrP/Njn6jlKQCCAEQ==",
      "peer": true,
      "dependencies": {
        "tslib": "^2.0.0"
      },
      "peerDependencies": {
        "rxjs": "^6.5.3",
        "zone.js": "~0.10.3"
      }
    },
    "node_modules/@angular/forms": {
      "version": "10.2.5",
      "resolved": "https://registry.npmjs.org/@angular/forms/-/forms-10.2.5.tgz",
      "integrity": "sha512-EnycBx8q+DGmPaX4oSjPejJxx9u0TLb5+tpGxYitdOq/eBpQAAYyWKQGKXb1JB46rPVwJr34MmTltHgAN0zUSQ==",
      "peer": true,
      "dependencies": {
        "tslib": "^2.0.0"
      },
      "peerDependencies": {
        "@angular/common": "10.2.5",
        "@angular/core": "10.2.5",
        "@angular/platform-browser": "10.2.5",
        "rxjs": "^6.5.3"
      }
    },
    "node_modules/@angular/platform-browser": {
      "version": "10.2.5",
      "resolved": "https://registry.npmjs.org/@angular/platform-browser/-/platform-browser-10.2.5.tgz",
      "integrity": "sha512-3JDFRGNxr0IUkjSdGK2Q1BvqnSDpy9YWo0DJP+TEpgW578R84m4X7/wI3jJmFSC2yyouMWrHsot2vcBPAQj89g==",
      "peer": true,
      "dependencies": {
        "tslib": "^2.0.0"
      },
      "peerDependencies": {
        "@angular/animations": "10.2.5",
        "@angular/common": "10.2.5",
        "@angular/core": "10.2.5"
      },
      "peerDependenciesMeta": {
        "@angular/animations": {
          "optional": true
        }
      }
    },
    "node_modules/lodash": {
      "version": "4.17.21",
      "resolved": "https://registry.npmjs.org/lodash/-/lodash-4.17.21.tgz",
      "integrity": "sha512-v2kDEe57lecTulaDIuNTPy3Ry4gLGJ6Z1O3vE1krgXZNrsQ+LFTGHVxVjcXPs17LhbZVGedAJv8XZ1tvj5FvSg=="
    },
    "node_modules/ng2-completer": {
      "version": "9.0.1",
      "resolved": "https://registry.npmjs.org/ng2-completer/-/ng2-completer-9.0.1.tgz",
      "integrity": "sha512-zEKehHdCK8E/k4Y0HepprGdYBHr2AOsaq4QpeqoCyUElOOC5M3qi3ZEHV1VF54I7heBQktswwXe5UyWduJ0Xeg==",
      "peer": true,
      "peerDependencies": {
        "@angular/common": ">= 6.0.0",
        "@angular/core": ">= 6.0.0",
        "@angular/forms": ">= 6.0.0"
      }
    },
    "node_modules/rxjs": {
      "version": "6.6.7",
      "resolved": "https://registry.npmjs.org/rxjs/-/rxjs-6.6.7.tgz",
      "integrity": "sha512-hTdwr+7yYNIT5n4AMYp85KA6yw2Va0FLa3Rguvbpa4W3I5xynaBZo41cM3XM+4Q6fRMj3sBYIR1VAmZMXYJvRQ==",
      "peer": true,
      "dependencies": {
        "tslib": "^1.9.0"
      },
      "engines": {
        "npm": ">=2.0.0"
      }
    },
    "node_modules/rxjs/node_modules/tslib": {
      "version": "1.14.1",
      "resolved": "https://registry.npmjs.org/tslib/-/tslib-1.14.1.tgz",
      "integrity": "sha512-Xni35NKzjgMrwevysHTCArtLDpPvye8zV/0E4EyYn43P7/7qvQwPh9BGkHewbMulVntbigmcT7rdX3BNo9wRJg==",
      "peer": true
    },
    "node_modules/tslib": {
      "version": "2.4.0",
      "resolved": "https://registry.npmjs.org/tslib/-/tslib-2.4.0.tgz",
      "integrity": "sha512-d6xOpEDfsi2CZVlPQzGeux8XMwLT9hssAsaPYExaQMuYskwb+x1x7J371tWlbBdWHroy99KnVB6qIkUbs5X3UQ=="
    },
    "node_modules/zone.js": {
      "version": "0.10.3",
      "resolved": "https://registry.npmjs.org/zone.js/-/zone.js-0.10.3.tgz",
      "integrity": "sha512-LXVLVEq0NNOqK/fLJo3d0kfzd4sxwn2/h67/02pjCjfKDxgx1i9QqpvtHD8CrBnSSwMw5+dy11O7FRX5mkO7Cg==",
      "peer": true
    }
  },
  "dependencies": {
    "@angular/common": {
      "version": "10.2.5",
      "resolved": "https://registry.npmjs.org/@angular/common/-/common-10.2.5.tgz",
      "integrity": "sha512-553yf6ZUHNqT4XpOqbW7EKKMfX56u/8DkwYXuSv8MAKdl4/AW6gliFOEJGYo04JcKF7Knq3VPvGSCO9kupf0hg==",
      "peer": true,
      "requires": {
        "tslib": "^2.0.0"
      }
    },
    "@angular/core": {
      "version": "10.2.5",
      "resolved": "https://registry.npmjs.org/@angular/core/-/core-10.2.5.tgz",
      "integrity": "sha512-krhOKNTj5XE92Rk9ASX5KmgTF72j7qT2PLVxrGEVjuUKjBY2XaK3TV0Kotq9zI3qa9WgeCrP/Njn6jlKQCCAEQ==",
      "peer": true,
      "requires": {
        "tslib": "^2.0.0"
      }
    },
    "@angular/forms": {
      "version": "10.2.5",
      "resolved": "https://registry.npmjs.org/@angular/forms/-/forms-10.2.5.tgz",
      "integrity": "sha512-EnycBx8q+DGmPaX4oSjPejJxx9u0TLb5+tpGxYitdOq/eBpQAAYyWKQGKXb1JB46rPVwJr34MmTltHgAN0zUSQ==",
      "peer": true,
      "requires": {
        "tslib": "^2.0.0"
      }
    },
    "@angular/platform-browser": {
      "version": "10.2.5",
      "resolved": "https://registry.npmjs.org/@angular/platform-browser/-/platform-browser-10.2.5.tgz",
      "integrity": "sha512-3JDFRGNxr0IUkjSdGK2Q1BvqnSDpy9YWo0DJP+TEpgW578R84m4X7/wI3jJmFSC2yyouMWrHsot2vcBPAQj89g==",
      "peer": true,
      "requires": {
        "tslib": "^2.0.0"
      }
    },
    "lodash": {
      "version": "4.17.21",
      "resolved": "https://registry.npmjs.org/lodash/-/lodash-4.17.21.tgz",
      "integrity": "sha512-v2kDEe57lecTulaDIuNTPy3Ry4gLGJ6Z1O3vE1krgXZNrsQ+LFTGHVxVjcXPs17LhbZVGedAJv8XZ1tvj5FvSg=="
    },
    "ng2-completer": {
      "version": "9.0.1",
      "resolved": "https://registry.npmjs.org/ng2-completer/-/ng2-completer-9.0.1.tgz",
      "integrity": "sha512-zEKehHdCK8E/k4Y0HepprGdYBHr2AOsaq4QpeqoCyUElOOC5M3qi3ZEHV1VF54I7heBQktswwXe5UyWduJ0Xeg==",
      "peer": true,
      "requires": {}
    },
    "rxjs": {
      "version": "6.6.7",
      "resolved": "https://registry.npmjs.org/rxjs/-/rxjs-6.6.7.tgz",
      "integrity": "sha512-hTdwr+7yYNIT5n4AMYp85KA6yw2Va0FLa3Rguvbpa4W3I5xynaBZo41cM3XM+4Q6fRMj3sBYIR1VAmZMXYJvRQ==",
      "peer": true,
      "requires": {
        "tslib": "^1.9.0"
      },
      "dependencies": {
        "tslib": {
          "version": "1.14.1",
          "resolved": "https://registry.npmjs.org/tslib/-/tslib-1.14.1.tgz",
          "integrity": "sha512-Xni35NKzjgMrwevysHTCArtLDpPvye8zV/0E4EyYn43P7/7qvQwPh9BGkHewbMulVntbigmcT7rdX3BNo9wRJg==",
          "peer": true
        }
      }
    },
    "tslib": {
      "version": "2.4.0",
      "resolved": "https://registry.npmjs.org/tslib/-/tslib-2.4.0.tgz",
      "integrity": "sha512-d6xOpEDfsi2CZVlPQzGeux8XMwLT9hssAsaPYExaQMuYskwb+x1x7J371tWlbBdWHroy99KnVB6qIkUbs5X3UQ=="
    },
    "zone.js": {
      "version": "0.10.3",
      "resolved": "https://registry.npmjs.org/zone.js/-/zone.js-0.10.3.tgz",
      "integrity": "sha512-LXVLVEq0NNOqK/fLJo3d0kfzd4sxwn2/h67/02pjCjfKDxgx1i9QqpvtHD8CrBnSSwMw5+dy11O7FRX5mkO7Cg==",
      "peer": true
    }
  }
}
